{
  "name": "partytime",
  "lockfileVersion": 2,
  "requires": true,
  "packages": {
    "": {
      "dependencies": {
        "human-readable-numbers": "^0.9.5"
      }
    },
    "node_modules/human-readable-numbers": {
      "version": "0.9.5",
      "resolved": "https://registry.npmjs.org/human-readable-numbers/-/human-readable-numbers-0.9.5.tgz",
      "integrity": "sha512-VC1uYLm7FR+4UkLaQdXPLodz7xTVLBte3X6iMCYK/uPJywoHyEZfR40+kCN4YqYd+FNCPJAJNYv2CSMvAprgsQ=="
    }
  },
  "dependencies": {
    "human-readable-numbers": {
      "version": "0.9.5",
      "resolved": "https://registry.npmjs.org/human-readable-numbers/-/human-readable-numbers-0.9.5.tgz",
      "integrity": "sha512-VC1uYLm7FR+4UkLaQdXPLodz7xTVLBte3X6iMCYK/uPJywoHyEZfR40+kCN4YqYd+FNCPJAJNYv2CSMvAprgsQ=="
    }
  }
}
